
Microsoft Visual Studio Solution File, Format Version 12.00
Project("{FAE04EC0-301F-11D3-BF4B-00C04F79EFBC}") = "Utils", "Utils\Utils.csproj", "{5A1C6E22-CA8B-4E4D-9C94-C4E60E768155}"
EndProject
Global
	GlobalSection(SolutionConfigurationPlatforms) = preSolution
		Debug|Any CPU = Debug|Any CPU
		Release|Any CPU = Release|Any CPU
	EndGlobalSection
	GlobalSection(ProjectConfigurationPlatforms) = postSolution
		{5A1C6E22-CA8B-4E4D-9C94-C4E60E768155}.Debug|Any CPU.ActiveCfg = Debug|Any CPU
		{5A1C6E22-CA8B-4E4D-9C94-C4E60E768155}.Debug|Any CPU.Build.0 = Debug|Any CPU
		{5A1C6E22-CA8B-4E4D-9C94-C4E60E768155}.Release|Any CPU.ActiveCfg = Release|Any CPU
		{5A1C6E22-CA8B-4E4D-9C94-C4E60E768155}.Release|Any CPU.Build.0 = Release|Any CPU
	EndGlobalSection
EndGlobal
